
Microsoft Visual Studio Solution File, Format Version 12.00
# Visual Studio Version 17
VisualStudioVersion = 17.8.34330.188
MinimumVisualStudioVersion = 10.0.40219.1
Project("{FAE04EC0-301F-11D3-BF4B-00C04F79EFBC}") = "eks11", "eks11.csproj", "{CEE6C64B-B1C6-4A91-8578-2DCA085D965C}"
EndProject
Global
	GlobalSection(SolutionConfigurationPlatforms) = preSolution
		Debug|Any CPU = Debug|Any CPU
		Release|Any CPU = Release|Any CPU
	EndGlobalSection
	GlobalSection(ProjectConfigurationPlatforms) = postSolution
		{CEE6C64B-B1C6-4A91-8578-2DCA085D965C}.Debug|Any CPU.ActiveCfg = Debug|Any CPU
		{CEE6C64B-B1C6-4A91-8578-2DCA085D965C}.Debug|Any CPU.Build.0 = Debug|Any CPU
		{CEE6C64B-B1C6-4A91-8578-2DCA085D965C}.Release|Any CPU.ActiveCfg = Release|Any CPU
		{CEE6C64B-B1C6-4A91-8578-2DCA085D965C}.Release|Any CPU.Build.0 = Release|Any CPU
	EndGlobalSection
	GlobalSection(SolutionProperties) = preSolution
		HideSolutionNode = FALSE
	EndGlobalSection
	GlobalSection(ExtensibilityGlobals) = postSolution
		SolutionGuid = {2E1BED62-2059-4E38-89B3-FE4F65499228}
	EndGlobalSection
EndGlobal
